
Microsoft Visual Studio Solution File, Format Version 12.00
# Visual Studio Version 16
VisualStudioVersion = 16.0.29613.14
MinimumVisualStudioVersion = 10.0.40219.1
Project("{FAE04EC0-301F-11D3-BF4B-00C04F79EFBC}") = "SpeechConsole", "SpeechConsole.csproj", "{623BEDBE-C44E-4D2D-85E0-4759BDC8D02B}"
EndProject
Global
	GlobalSection(SolutionConfigurationPlatforms) = preSolution
		Debug|Any CPU = Debug|Any CPU
		Release|Any CPU = Release|Any CPU
	EndGlobalSection
	GlobalSection(ProjectConfigurationPlatforms) = postSolution
		{623BEDBE-C44E-4D2D-85E0-4759BDC8D02B}.Debug|Any CPU.ActiveCfg = Debug|Any CPU
		{623BEDBE-C44E-4D2D-85E0-4759BDC8D02B}.Debug|Any CPU.Build.0 = Debug|Any CPU
		{623BEDBE-C44E-4D2D-85E0-4759BDC8D02B}.Release|Any CPU.ActiveCfg = Release|Any CPU
		{623BEDBE-C44E-4D2D-85E0-4759BDC8D02B}.Release|Any CPU.Build.0 = Release|Any CPU
	EndGlobalSection
	GlobalSection(SolutionProperties) = preSolution
		HideSolutionNode = FALSE
	EndGlobalSection
	GlobalSection(ExtensibilityGlobals) = postSolution
		SolutionGuid = {73278FE0-7BCD-4987-95AE-CEE1ED84FFB8}
	EndGlobalSection
EndGlobal
